
Microsoft Visual Studio Solution File, Format Version 12.00
# Visual Studio Version 17
VisualStudioVersion = 17.8.34330.188
MinimumVisualStudioVersion = 10.0.40219.1
Project("{FAE04EC0-301F-11D3-BF4B-00C04F79EFBC}") = "github-profiles", "github-profiles\github-profiles.csproj", "{F54F60DE-907A-4DA6-BE31-FA6326BE1BA9}"
EndProject
Global
	GlobalSection(SolutionConfigurationPlatforms) = preSolution
		Debug|Any CPU = Debug|Any CPU
		Release|Any CPU = Release|Any CPU
	EndGlobalSection
	GlobalSection(ProjectConfigurationPlatforms) = postSolution
		{F54F60DE-907A-4DA6-BE31-FA6326BE1BA9}.Debug|Any CPU.ActiveCfg = Debug|Any CPU
		{F54F60DE-907A-4DA6-BE31-FA6326BE1BA9}.Debug|Any CPU.Build.0 = Debug|Any CPU
		{F54F60DE-907A-4DA6-BE31-FA6326BE1BA9}.Release|Any CPU.ActiveCfg = Release|Any CPU
		{F54F60DE-907A-4DA6-BE31-FA6326BE1BA9}.Release|Any CPU.Build.0 = Release|Any CPU
	EndGlobalSection
	GlobalSection(SolutionProperties) = preSolution
		HideSolutionNode = FALSE
	EndGlobalSection
	GlobalSection(ExtensibilityGlobals) = postSolution
		SolutionGuid = {7740C986-E195-43CB-88C9-F645C72094C4}
	EndGlobalSection
EndGlobal
